
Microsoft Visual Studio Solution File, Format Version 12.00
# Visual Studio Version 17
VisualStudioVersion = 17.14.36811.4 d17.14
MinimumVisualStudioVersion = 10.0.40219.1
Project("{FAE04EC0-301F-11D3-BF4B-00C04F79EFBC}") = "LearnTechniques", "LearnTechniques\LearnTechniques.csproj", "{05E0221E-5663-43F1-9D18-0C2545F9DDC2}"
EndProject
Global
	GlobalSection(SolutionConfigurationPlatforms) = preSolution
		Debug|Any CPU = Debug|Any CPU
		Release|Any CPU = Release|Any CPU
	EndGlobalSection
	GlobalSection(ProjectConfigurationPlatforms) = postSolution
		{05E0221E-5663-43F1-9D18-0C2545F9DDC2}.Debug|Any CPU.ActiveCfg = Debug|Any CPU
		{05E0221E-5663-43F1-9D18-0C2545F9DDC2}.Debug|Any CPU.Build.0 = Debug|Any CPU
		{05E0221E-5663-43F1-9D18-0C2545F9DDC2}.Release|Any CPU.ActiveCfg = Release|Any CPU
		{05E0221E-5663-43F1-9D18-0C2545F9DDC2}.Release|Any CPU.Build.0 = Release|Any CPU
	EndGlobalSection
	GlobalSection(SolutionProperties) = preSolution
		HideSolutionNode = FALSE
	EndGlobalSection
	GlobalSection(ExtensibilityGlobals) = postSolution
		SolutionGuid = {ED26B0A1-DB10-42E9-A090-6233446146AF}
	EndGlobalSection
EndGlobal
